[[package]]
name = "astropy"
version = "4.2.1"
description = "Astronomy and astrophysics core library"
category = "main"
optional = false
python-versions = ">=3.7"

[package.dependencies]
numpy = ">=1.17"
pyerfa = "*"

[package.extras]
all = ["scipy (>=1.1)", "dask", "h5py", "beautifulsoup4", "html5lib", "bleach", "PyYAML (>=3.13)", "pandas", "sortedcontainers", "pytz", "jplephem", "matplotlib (>=3.0)", "mpmath", "asdf (>=2.6)", "bottleneck", "ipython", "pytest"]
docs = ["sphinx", "sphinx-astropy (>=1.3)", "pytest", "PyYAML (>=3.13)", "scipy (>=1.1)", "matplotlib (>=3.1)"]
test = ["pytest-astropy (>=0.8)", "pytest-xdist", "objgraph", "ipython", "coverage", "skyfield (>=1.20)", "sgp4 (>=2.3)"]

[[package]]
name = "flake8"
version = "3.9.0"
description = "the modular source code checker: pep8 pyflakes and co"
category = "dev"
optional = false
python-versions = "!=3.0.*,!=3.1.*,!=3.2.*,!=3.3.*,!=3.4.*,>=2.7"

[package.dependencies]
importlib-metadata = {version = "*", markers = "python_version < \"3.8\""}
mccabe = ">=0.6.0,<0.7.0"
pycodestyle = ">=2.7.0,<2.8.0"
pyflakes = ">=2.3.0,<2.4.0"

[[package]]
name = "importlib-metadata"
version = "3.10.0"
description = "Read metadata from Python packages"
category = "dev"
optional = false
python-versions = ">=3.6"

[package.dependencies]
typing-extensions = {version = ">=3.6.4", markers = "python_version < \"3.8\""}
zipp = ">=0.5"

[package.extras]
docs = ["sphinx", "jaraco.packaging (>=8.2)", "rst.linker (>=1.9)"]
testing = ["pytest (>=4.6)", "pytest-checkdocs (>=2.4)", "pytest-flake8", "pytest-cov", "pytest-enabler (>=1.0.1)", "packaging", "pep517", "pyfakefs", "flufl.flake8", "pytest-black (>=0.3.7)", "pytest-mypy", "importlib-resources (>=1.3)"]

[[package]]
name = "mccabe"
version = "0.6.1"
description = "McCabe checker, plugin for flake8"
category = "dev"
optional = false
python-versions = "*"

[[package]]
name = "numpy"
version = "1.20.2"
description = "NumPy is the fundamental package for array computing with Python."
category = "main"
optional = false
python-versions = ">=3.7"

[[package]]
name = "pycodestyle"
version = "2.7.0"
description = "Python style guide checker"
category = "dev"
optional = false
python-versions = ">=2.7, !=3.0.*, !=3.1.*, !=3.2.*, !=3.3.*"

[[package]]
name = "pyerfa"
version = "1.7.2"
description = "Python bindings for ERFA"
category = "main"
optional = false
python-versions = ">=3.6"

[package.dependencies]
numpy = ">=1.16"

[package.extras]
docs = ["sphinx-astropy (>=1.3)"]
test = ["pytest", "pytest-doctestplus (>=0.7)"]

[[package]]
name = "pyflakes"
version = "2.3.1"
description = "passive checker of Python programs"
category = "dev"
optional = false
python-versions = ">=2.7, !=3.0.*, !=3.1.*, !=3.2.*, !=3.3.*"

[[package]]
name = "scipy"
version = "1.6.1"
description = "SciPy: Scientific Library for Python"
category = "main"
optional = false
python-versions = ">=3.7"

[package.dependencies]
numpy = ">=1.16.5"

[[package]]
name = "typing-extensions"
version = "3.7.4.3"
description = "Backported and Experimental Type Hints for Python 3.5+"
category = "dev"
optional = false
python-versions = "*"

[[package]]
name = "zipp"
version = "3.4.1"
description = "Backport of pathlib-compatible object wrapper for zip files"
category = "dev"
optional = false
python-versions = ">=3.6"

[package.extras]
docs = ["sphinx", "jaraco.packaging (>=8.2)", "rst.linker (>=1.9)"]
testing = ["pytest (>=4.6)", "pytest-checkdocs (>=1.2.3)", "pytest-flake8", "pytest-cov", "pytest-enabler", "jaraco.itertools", "func-timeout", "pytest-black (>=0.3.7)", "pytest-mypy"]

[metadata]
lock-version = "1.1"
python-versions = "^3.7"
content-hash = "24bfa5b81115e88a622cebbb98a14e05b466310393a05dc125eb74f582c58877"

[metadata.files]
astropy = [
    {file = "astropy-4.2.1-cp37-cp37m-macosx_10_9_x86_64.whl", hash = "sha256:db694c10eb3cc10068859ba1eab30b38b7e821dbfff142960c5a99c4af059747"},
    {file = "astropy-4.2.1-cp37-cp37m-manylinux1_i686.whl", hash = "sha256:2ff194e15b03afd575f278e2187b71d7ee9d85f302356050b2257b6c4788f1cc"},
    {file = "astropy-4.2.1-cp37-cp37m-manylinux1_x86_64.whl", hash = "sha256:12c76c119f7a0a8fcf0e72269be9faa88319f12e4ba346180d910e58fda36bf2"},
    {file = "astropy-4.2.1-cp37-cp37m-win32.whl", hash = "sha256:6d8c8bc1eef048ad873395d2a620b9b5f308bef9a508f542e6dc3b33fbfbe66d"},
    {file = "astropy-4.2.1-cp37-cp37m-win_amd64.whl", hash = "sha256:3d5516ba20e6cbc208250dd8f414243839cc40e957616e3f336a517967ee34d0"},
    {file = "astropy-4.2.1-cp38-cp38-macosx_10_9_x86_64.whl", hash = "sha256:c327cfdede8d5fce1224153b8d3a060226161ddc2e1b2170f076aaddb4953965"},
    {file = "astropy-4.2.1-cp38-cp38-manylinux1_i686.whl", hash = "sha256:03428ca1baa4fba99e37d3767c12c038c456a27176bcb8f407f9b2b0743ef8ee"},
    {file = "astropy-4.2.1-cp38-cp38-manylinux1_x86_64.whl", hash = "sha256:a6164013de3732a67a5a1a2743565f5aaef0d895ce33d5aef482d88b05318893"},
    {file = "astropy-4.2.1-cp38-cp38-win32.whl", hash = "sha256:a1f707283822c2f7df97d9de151c29d49ed9cc0bf3ae952f91012d7a4c5872a7"},
    {file = "astropy-4.2.1-cp38-cp38-win_amd64.whl", hash = "sha256:2035ca521d86c88ea6d8da07f977a9727f0d7d8f85b5c287558c1891f885e548"},
    {file = "astropy-4.2.1-cp39-cp39-macosx_10_9_x86_64.whl", hash = "sha256:5be2f01d1b35202c0989f4502d25fe850ae5e891acbd3be107eaf6eeab81826d"},
    {file = "astropy-4.2.1-cp39-cp39-manylinux1_i686.whl", hash = "sha256:009a26f795adad1f0b26ba3a434e5be9cfa82cb629ba87c0547b567bad6e1695"},
    {file = "astropy-4.2.1-cp39-cp39-manylinux1_x86_64.whl", hash = "sha256:2d4d328892c7b09a23361f44182cf89be3dadaec60a270bd4fe754f3829052a4"},
    {file = "astropy-4.2.1-cp39-cp39-win32.whl", hash = "sha256:09965d5e8ffd7e96e7fcc596b631f366cf729df75efb792918cb6637acf1ad4e"},
    {file = "astropy-4.2.1-cp39-cp39-win_amd64.whl", hash = "sha256:223610cc612aaddac890fefd9e20dc6a39c92ef01692354e2bcb273c79fb8842"},
    {file = "astropy-4.2.1.tar.gz", hash = "sha256:ed483e472241153daec45f4b0c318c2c63d9f47305b78e6e63d32fc388c18427"},
]
flake8 = [
    {file = "flake8-3.9.0-py2.py3-none-any.whl", hash = "sha256:12d05ab02614b6aee8df7c36b97d1a3b2372761222b19b58621355e82acddcff"},
    {file = "flake8-3.9.0.tar.gz", hash = "sha256:78873e372b12b093da7b5e5ed302e8ad9e988b38b063b61ad937f26ca58fc5f0"},
]
importlib-metadata = [
    {file = "importlib_metadata-3.10.0-py3-none-any.whl", hash = "sha256:d2d46ef77ffc85cbf7dac7e81dd663fde71c45326131bea8033b9bad42268ebe"},
    {file = "importlib_metadata-3.10.0.tar.gz", hash = "sha256:c9db46394197244adf2f0b08ec5bc3cf16757e9590b02af1fca085c16c0d600a"},
]
mccabe = [
    {file = "mccabe-0.6.1-py2.py3-none-any.whl", hash = "sha256:ab8a6258860da4b6677da4bd2fe5dc2c659cff31b3ee4f7f5d64e79735b80d42"},
    {file = "mccabe-0.6.1.tar.gz", hash = "sha256:dd8d182285a0fe56bace7f45b5e7d1a6ebcbf524e8f3bd87eb0f125271b8831f"},
]
numpy = [
    {file = "numpy-1.20.2-cp37-cp37m-macosx_10_9_x86_64.whl", hash = "sha256:e9459f40244bb02b2f14f6af0cd0732791d72232bbb0dc4bab57ef88e75f6935"},
    {file = "numpy-1.20.2-cp37-cp37m-manylinux1_i686.whl", hash = "sha256:a8e6859913ec8eeef3dbe9aed3bf475347642d1cdd6217c30f28dee8903528e6"},
    {file = "numpy-1.20.2-cp37-cp37m-manylinux1_x86_64.whl", hash = "sha256:9cab23439eb1ebfed1aaec9cd42b7dc50fc96d5cd3147da348d9161f0501ada5"},
    {file = "numpy-1.20.2-cp37-cp37m-manylinux2010_i686.whl", hash = "sha256:9c0fab855ae790ca74b27e55240fe4f2a36a364a3f1ebcfd1fb5ac4088f1cec3"},
    {file = "numpy-1.20.2-cp37-cp37m-manylinux2010_x86_64.whl", hash = "sha256:61d5b4cf73622e4d0c6b83408a16631b670fc045afd6540679aa35591a17fe6d"},
    {file = "numpy-1.20.2-cp37-cp37m-manylinux2014_aarch64.whl", hash = "sha256:d15007f857d6995db15195217afdbddfcd203dfaa0ba6878a2f580eaf810ecd6"},
    {file = "numpy-1.20.2-cp37-cp37m-win32.whl", hash = "sha256:d76061ae5cab49b83a8cf3feacefc2053fac672728802ac137dd8c4123397677"},
    {file = "numpy-1.20.2-cp37-cp37m-win_amd64.whl", hash = "sha256:bad70051de2c50b1a6259a6df1daaafe8c480ca98132da98976d8591c412e737"},
    {file = "numpy-1.20.2-cp38-cp38-macosx_10_9_x86_64.whl", hash = "sha256:719656636c48be22c23641859ff2419b27b6bdf844b36a2447cb39caceb00935"},
    {file = "numpy-1.20.2-cp38-cp38-manylinux1_i686.whl", hash = "sha256:aa046527c04688af680217fffac61eec2350ef3f3d7320c07fd33f5c6e7b4d5f"},
    {file = "numpy-1.20.2-cp38-cp38-manylinux1_x86_64.whl", hash = "sha256:2428b109306075d89d21135bdd6b785f132a1f5a3260c371cee1fae427e12727"},
    {file = "numpy-1.20.2-cp38-cp38-manylinux2010_i686.whl", hash = "sha256:e8e4fbbb7e7634f263c5b0150a629342cc19b47c5eba8d1cd4363ab3455ab576"},
    {file = "numpy-1.20.2-cp38-cp38-manylinux2010_x86_64.whl", hash = "sha256:edb1f041a9146dcf02cd7df7187db46ab524b9af2515f392f337c7cbbf5b52cd"},
    {file = "numpy-1.20.2-cp38-cp38-manylinux2014_aarch64.whl", hash = "sha256:c73a7975d77f15f7f68dacfb2bca3d3f479f158313642e8ea9058eea06637931"},
    {file = "numpy-1.20.2-cp38-cp38-win32.whl", hash = "sha256:6c915ee7dba1071554e70a3664a839fbc033e1d6528199d4621eeaaa5487ccd2"},
    {file = "numpy-1.20.2-cp38-cp38-win_amd64.whl", hash = "sha256:471c0571d0895c68da309dacee4e95a0811d0a9f9f532a48dc1bea5f3b7ad2b7"},
    {file = "numpy-1.20.2-cp39-cp39-macosx_10_9_x86_64.whl", hash = "sha256:4703b9e937df83f5b6b7447ca5912b5f5f297aba45f91dbbbc63ff9278c7aa98"},
    {file = "numpy-1.20.2-cp39-cp39-manylinux2010_i686.whl", hash = "sha256:abc81829c4039e7e4c30f7897938fa5d4916a09c2c7eb9b244b7a35ddc9656f4"},
    {file = "numpy-1.20.2-cp39-cp39-manylinux2010_x86_64.whl", hash = "sha256:377751954da04d4a6950191b20539066b4e19e3b559d4695399c5e8e3e683bf6"},
    {file = "numpy-1.20.2-cp39-cp39-manylinux2014_aarch64.whl", hash = "sha256:6e51e417d9ae2e7848314994e6fc3832c9d426abce9328cf7571eefceb43e6c9"},
    {file = "numpy-1.20.2-cp39-cp39-win32.whl", hash = "sha256:780ae5284cb770ade51d4b4a7dce4faa554eb1d88a56d0e8b9f35fca9b0270ff"},
    {file = "numpy-1.20.2-cp39-cp39-win_amd64.whl", hash = "sha256:924dc3f83de20437de95a73516f36e09918e9c9c18d5eac520062c49191025fb"},
    {file = "numpy-1.20.2-pp37-pypy37_pp73-manylinux2010_x86_64.whl", hash = "sha256:97ce8b8ace7d3b9288d88177e66ee75480fb79b9cf745e91ecfe65d91a856042"},
    {file = "numpy-1.20.2.zip", hash = "sha256:878922bf5ad7550aa044aa9301d417e2d3ae50f0f577de92051d739ac6096cee"},
]
pycodestyle = [
    {file = "pycodestyle-2.7.0-py2.py3-none-any.whl", hash = "sha256:514f76d918fcc0b55c6680472f0a37970994e07bbb80725808c17089be302068"},
    {file = "pycodestyle-2.7.0.tar.gz", hash = "sha256:c389c1d06bf7904078ca03399a4816f974a1d590090fecea0c63ec26ebaf1cef"},
]
pyerfa = [
    {file = "pyerfa-1.7.2-cp36-cp36m-macosx_10_9_x86_64.whl", hash = "sha256:8609be0e659c99fde396b723bbbae9d5074deb0afeba5736c42591877ec01115"},
    {file = "pyerfa-1.7.2-cp36-cp36m-manylinux1_i686.whl", hash = "sha256:f0f440d352e7a16c8ca96c9eb28cc70f8f280b93a7834ff4bca92dfc41ae3427"},
    {file = "pyerfa-1.7.2-cp36-cp36m-manylinux1_x86_64.whl", hash = "sha256:152cea1d8feccc098ba762e47a097da0190a46452845f29de5d4494ee5461a0a"},
    {file = "pyerfa-1.7.2-cp36-cp36m-manylinux2010_i686.whl", hash = "sha256:9cb49956dc3859f42229869dc011b38550d34a9922666f540ef474c3f90930eb"},
    {file = "pyerfa-1.7.2-cp36-cp36m-manylinux2010_x86_64.whl", hash = "sha256:2ffb92d6dd0b951de93e74967675c0acc8eb9f8df75b66492bbe57b83bfed10e"},
    {file = "pyerfa-1.7.2-cp36-cp36m-win32.whl", hash = "sha256:d32835fc2ddf67de6c2d0f07274cdbff9fb74ee6992b8046d91a6cbba5a999c2"},
    {file = "pyerfa-1.7.2-cp36-cp36m-win_amd64.whl", hash = "sha256:317fb9ce3e486b51470854e6656cfdf0cd380173b4ac9965f0e16a52b7452d3e"},
    {file = "pyerfa-1.7.2-cp37-cp37m-macosx_10_9_x86_64.whl", hash = "sha256:b44306c4f8126e05fff84e993e41f717b7490796e27a8ed2af66fd08d3d448e4"},
    {file = "pyerfa-1.7.2-cp37-cp37m-manylinux1_i686.whl", hash = "sha256:e2357dc8582493ad0537ed39be5a493457992c043ec788829dc41d4b3d2f3349"},
    {file = "pyerfa-1.7.2-cp37-cp37m-manylinux1_x86_64.whl", hash = "sha256:9a1a1ec5977f246613adcb6b302a768fd05c03f330502dde2c422fb5e36685c3"},
    {file = "pyerfa-1.7.2-cp37-cp37m-manylinux2010_i686.whl", hash = "sha256:6bb62da1b1ab7a80059340d72dd22cacbff437150feb824d91462e259bae8b58"},
    {file = "pyerfa-1.7.2-cp37-cp37m-manylinux2010_x86_64.whl", hash = "sha256:a4282afa9991deba2b26d97aca3c06450c74cf30e5a6b0a38118fc6f8b3f3e58"},
    {file = "pyerfa-1.7.2-cp37-cp37m-win32.whl", hash = "sha256:e7dd0dfb1483302315c37b9bd0e0f05a1c5a7c96982fb111547272b030a8b0a9"},
    {file = "pyerfa-1.7.2-cp37-cp37m-win_amd64.whl", hash = "sha256:6906b95a752c33da9d717c60bdcfc0004548e6b3f4d2d751aa8ee262aa6b7c78"},
    {file = "pyerfa-1.7.2-cp38-cp38-macosx_10_9_x86_64.whl", hash = "sha256:35a7a63d995395d52eebcdb472e3ac1987164c95dd4acc3c3815a0e9cab2353d"},
    {file = "pyerfa-1.7.2-cp38-cp38-manylinux1_i686.whl", hash = "sha256:f6a4fc532b9023ebeb0ecf05ba92cc340fe0dd578ca8a57644c359ae49a7a32e"},
    {file = "pyerfa-1.7.2-cp38-cp38-manylinux1_x86_64.whl", hash = "sha256:ce28d076aad6cc173a5f7cdaaa023c0f893d6e3bdae4d47ce26d787df4603a17"},
    {file = "pyerfa-1.7.2-cp38-cp38-manylinux2010_i686.whl", hash = "sha256:1067401b4c1e3bd389f5c988a4e53a7aa8d21062d4cae480417f8b63cd17b8d5"},
    {file = "pyerfa-1.7.2-cp38-cp38-manylinux2010_x86_64.whl", hash = "sha256:d120b34e9fc055108f636cce8e9dd0b23294b7266c61587bbaee15a2d3e3b956"},
    {file = "pyerfa-1.7.2-cp38-cp38-win32.whl", hash = "sha256:252163a61c33a9d2f1290a9b41f47a80cfe19414af866371f952e67aa8489cf5"},
    {file = "pyerfa-1.7.2-cp38-cp38-win_amd64.whl", hash = "sha256:94c405c00de83bea864e3d01d39b4b4b8bb4ccc85e8306f4ded0fdc960f2d9f3"},
    {file = "pyerfa-1.7.2-cp39-cp39-macosx_10_9_x86_64.whl", hash = "sha256:e75a7a5799e4ad187b77f2afd5ca39116ba00f0df109012f5ac7ad4279165495"},
    {file = "pyerfa-1.7.2-cp39-cp39-manylinux1_i686.whl", hash = "sha256:75a39f680efcdb7ea2fc21731723d91c0c134403cf57954f1200a9a4272a6524"},
    {file = "pyerfa-1.7.2-cp39-cp39-manylinux1_x86_64.whl", hash = "sha256:32326d2cb8333585c6d9aa804d1f673d98c449f864a377dbc1d246b207bf860c"},
    {file = "pyerfa-1.7.2-cp39-cp39-manylinux2010_i686.whl", hash = "sha256:ba8765e4dc7bf36fd4851d7217ad1417f57ec88670a5857b3e32ae1aa8d0eb0f"},
    {file = "pyerfa-1.7.2-cp39-cp39-manylinux2010_x86_64.whl", hash = "sha256:9e5441baa3100bd04691a935d11c5090dc811313002a7a117cc239d9e6c1f6f2"},
    {file = "pyerfa-1.7.2-cp39-cp39-win32.whl", hash = "sha256:bd2186f2e162e1ed2bbbb4358a87e9421dd587000a6c664dc8fbec8f25464e19"},
    {file = "pyerfa-1.7.2-cp39-cp39-win_amd64.whl", hash = "sha256:a0742218178e01669ca56e67b6877115a0773fa1960edefbe24813fe197a8e08"},
    {file = "pyerfa-1.7.2.tar.gz", hash = "sha256:31776213ec36e6bb5382b526be02e417b8697d791c6837199342c19e7dabe8e8"},
]
pyflakes = [
    {file = "pyflakes-2.3.1-py2.py3-none-any.whl", hash = "sha256:7893783d01b8a89811dd72d7dfd4d84ff098e5eed95cfa8905b22bbffe52efc3"},
    {file = "pyflakes-2.3.1.tar.gz", hash = "sha256:f5bc8ecabc05bb9d291eb5203d6810b49040f6ff446a756326104746cc00c1db"},
]
scipy = [
    {file = "scipy-1.6.1-cp37-cp37m-macosx_10_9_x86_64.whl", hash = "sha256:a15a1f3fc0abff33e792d6049161b7795909b40b97c6cc2934ed54384017ab76"},
    {file = "scipy-1.6.1-cp37-cp37m-manylinux1_i686.whl", hash = "sha256:e79570979ccdc3d165456dd62041d9556fb9733b86b4b6d818af7a0afc15f092"},
    {file = "scipy-1.6.1-cp37-cp37m-manylinux1_x86_64.whl", hash = "sha256:a423533c55fec61456dedee7b6ee7dce0bb6bfa395424ea374d25afa262be261"},
    {file = "scipy-1.6.1-cp37-cp37m-manylinux2014_aarch64.whl", hash = "sha256:33d6b7df40d197bdd3049d64e8e680227151673465e5d85723b3b8f6b15a6ced"},
    {file = "scipy-1.6.1-cp37-cp37m-win32.whl", hash = "sha256:6725e3fbb47da428794f243864f2297462e9ee448297c93ed1dcbc44335feb78"},
    {file = "scipy-1.6.1-cp37-cp37m-win_amd64.whl", hash = "sha256:5fa9c6530b1661f1370bcd332a1e62ca7881785cc0f80c0d559b636567fab63c"},
    {file = "scipy-1.6.1-cp38-cp38-macosx_10_9_x86_64.whl", hash = "sha256:bd50daf727f7c195e26f27467c85ce653d41df4358a25b32434a50d8870fc519"},
    {file = "scipy-1.6.1-cp38-cp38-manylinux1_i686.whl", hash = "sha256:f46dd15335e8a320b0fb4685f58b7471702234cba8bb3442b69a3e1dc329c345"},
    {file = "scipy-1.6.1-cp38-cp38-manylinux1_x86_64.whl", hash = "sha256:0e5b0ccf63155d90da576edd2768b66fb276446c371b73841e3503be1d63fb5d"},
    {file = "scipy-1.6.1-cp38-cp38-manylinux2014_aarch64.whl", hash = "sha256:2481efbb3740977e3c831edfd0bd9867be26387cacf24eb5e366a6a374d3d00d"},
    {file = "scipy-1.6.1-cp38-cp38-win32.whl", hash = "sha256:68cb4c424112cd4be886b4d979c5497fba190714085f46b8ae67a5e4416c32b4"},
    {file = "scipy-1.6.1-cp38-cp38-win_amd64.whl", hash = "sha256:5f331eeed0297232d2e6eea51b54e8278ed8bb10b099f69c44e2558c090d06bf"},
    {file = "scipy-1.6.1-cp39-cp39-macosx_10_9_x86_64.whl", hash = "sha256:0c8a51d33556bf70367452d4d601d1742c0e806cd0194785914daf19775f0e67"},
    {file = "scipy-1.6.1-cp39-cp39-manylinux1_i686.whl", hash = "sha256:83bf7c16245c15bc58ee76c5418e46ea1811edcc2e2b03041b804e46084ab627"},
    {file = "scipy-1.6.1-cp39-cp39-manylinux1_x86_64.whl", hash = "sha256:794e768cc5f779736593046c9714e0f3a5940bc6dcc1dba885ad64cbfb28e9f0"},
    {file = "scipy-1.6.1-cp39-cp39-manylinux2014_aarch64.whl", hash = "sha256:5da5471aed911fe7e52b86bf9ea32fb55ae93e2f0fac66c32e58897cfb02fa07"},
    {file = "scipy-1.6.1-cp39-cp39-win32.whl", hash = "sha256:8e403a337749ed40af60e537cc4d4c03febddcc56cd26e774c9b1b600a70d3e4"},
    {file = "scipy-1.6.1-cp39-cp39-win_amd64.whl", hash = "sha256:a5193a098ae9f29af283dcf0041f762601faf2e595c0db1da929875b7570353f"},
    {file = "scipy-1.6.1.tar.gz", hash = "sha256:c4fceb864890b6168e79b0e714c585dbe2fd4222768ee90bc1aa0f8218691b11"},
]
typing-extensions = [
    {file = "typing_extensions-3.7.4.3-py2-none-any.whl", hash = "sha256:dafc7639cde7f1b6e1acc0f457842a83e722ccca8eef5270af2d74792619a89f"},
    {file = "typing_extensions-3.7.4.3-py3-none-any.whl", hash = "sha256:7cb407020f00f7bfc3cb3e7881628838e69d8f3fcab2f64742a5e76b2f841918"},
    {file = "typing_extensions-3.7.4.3.tar.gz", hash = "sha256:99d4073b617d30288f569d3f13d2bd7548c3a7e4c8de87db09a9d29bb3a4a60c"},
]
zipp = [
    {file = "zipp-3.4.1-py3-none-any.whl", hash = "sha256:51cb66cc54621609dd593d1787f286ee42a5c0adbb4b29abea5a63edc3e03098"},
    {file = "zipp-3.4.1.tar.gz", hash = "sha256:3607921face881ba3e026887d8150cca609d517579abe052ac81fc5aeffdbd76"},
]
